
Microsoft Visual Studio Solution File, Format Version 12.00
# Visual Studio 15
VisualStudioVersion = 15.0.28010.2016
MinimumVisualStudioVersion = 10.0.40219.1
Project("{9A19103F-16F7-4668-BE54-9A1E7A4F7556}") = "CSharpTester", "CSharpTester\CSharpTester.csproj", "{DF7BB418-B397-434A-9265-2DA97C62B63B}"
EndProject
Global
	GlobalSection(SolutionConfigurationPlatforms) = preSolution
		Debug|Any CPU = Debug|Any CPU
		Release|Any CPU = Release|Any CPU
	EndGlobalSection
	GlobalSection(ProjectConfigurationPlatforms) = postSolution
		{DF7BB418-B397-434A-9265-2DA97C62B63B}.Debug|Any CPU.ActiveCfg = Debug|Any CPU
		{DF7BB418-B397-434A-9265-2DA97C62B63B}.Debug|Any CPU.Build.0 = Debug|Any CPU
		{DF7BB418-B397-434A-9265-2DA97C62B63B}.Release|Any CPU.ActiveCfg = Release|Any CPU
		{DF7BB418-B397-434A-9265-2DA97C62B63B}.Release|Any CPU.Build.0 = Release|Any CPU
	EndGlobalSection
	GlobalSection(SolutionProperties) = preSolution
		HideSolutionNode = FALSE
	EndGlobalSection
	GlobalSection(ExtensibilityGlobals) = postSolution
		SolutionGuid = {F9137571-7F95-4990-B344-9AF63458C530}
	EndGlobalSection
EndGlobal
